
Microsoft Visual Studio Solution File, Format Version 12.00
# Visual Studio Version 16
VisualStudioVersion = 16.0.32413.511
MinimumVisualStudioVersion = 10.0.40219.1
Project("{888888A0-9F3D-457C-B088-3A5042F75D52}") = "Car_Racing_PY", "Car_Racing_PY\Car_Racing_PY.pyproj", "{68D488FB-DE4F-4B16-A2CD-32DF9BF0475D}"
EndProject
Global
	GlobalSection(SolutionConfigurationPlatforms) = preSolution
		Debug|Any CPU = Debug|Any CPU
		Release|Any CPU = Release|Any CPU
	EndGlobalSection
	GlobalSection(ProjectConfigurationPlatforms) = postSolution
		{68D488FB-DE4F-4B16-A2CD-32DF9BF0475D}.Debug|Any CPU.ActiveCfg = Debug|Any CPU
		{68D488FB-DE4F-4B16-A2CD-32DF9BF0475D}.Release|Any CPU.ActiveCfg = Release|Any CPU
	EndGlobalSection
	GlobalSection(SolutionProperties) = preSolution
		HideSolutionNode = FALSE
	EndGlobalSection
	GlobalSection(ExtensibilityGlobals) = postSolution
		SolutionGuid = {595309C9-9D55-4579-A40C-14786E691807}
	EndGlobalSection
EndGlobal
